
Microsoft Visual Studio Solution File, Format Version 12.00
# Visual Studio Version 17
VisualStudioVersion = 17.3.32819.101
MinimumVisualStudioVersion = 10.0.40219.1
Project("{FAE04EC0-301F-11D3-BF4B-00C04F79EFBC}") = "Языковая Школа Шевчук", "Языковая Школа Шевчук\Языковая Школа Шевчук.csproj", "{AAFC1BC5-F26E-4200-913D-4382CAEDC2CD}"
EndProject
Global
	GlobalSection(SolutionConfigurationPlatforms) = preSolution
		Debug|Any CPU = Debug|Any CPU
		Release|Any CPU = Release|Any CPU
	EndGlobalSection
	GlobalSection(ProjectConfigurationPlatforms) = postSolution
		{AAFC1BC5-F26E-4200-913D-4382CAEDC2CD}.Debug|Any CPU.ActiveCfg = Debug|Any CPU
		{AAFC1BC5-F26E-4200-913D-4382CAEDC2CD}.Debug|Any CPU.Build.0 = Debug|Any CPU
		{AAFC1BC5-F26E-4200-913D-4382CAEDC2CD}.Release|Any CPU.ActiveCfg = Release|Any CPU
		{AAFC1BC5-F26E-4200-913D-4382CAEDC2CD}.Release|Any CPU.Build.0 = Release|Any CPU
	EndGlobalSection
	GlobalSection(SolutionProperties) = preSolution
		HideSolutionNode = FALSE
	EndGlobalSection
	GlobalSection(ExtensibilityGlobals) = postSolution
		SolutionGuid = {69FBBE68-4123-4A66-B582-EF164F5B7772}
	EndGlobalSection
EndGlobal
